
Microsoft Visual Studio Solution File, Format Version 12.00
# Visual Studio 15
VisualStudioVersion = 15.0.28010.2048
MinimumVisualStudioVersion = 10.0.40219.1
Project("{FAE04EC0-301F-11D3-BF4B-00C04F79EFBC}") = "Builder", "Builder\Builder.csproj", "{A725ED6F-2F8D-4F85-A48B-28ED314D2B51}"
EndProject
Global
	GlobalSection(SolutionConfigurationPlatforms) = preSolution
		Debug|Any CPU = Debug|Any CPU
		Release|Any CPU = Release|Any CPU
	EndGlobalSection
	GlobalSection(ProjectConfigurationPlatforms) = postSolution
		{A725ED6F-2F8D-4F85-A48B-28ED314D2B51}.Debug|Any CPU.ActiveCfg = Debug|Any CPU
		{A725ED6F-2F8D-4F85-A48B-28ED314D2B51}.Debug|Any CPU.Build.0 = Debug|Any CPU
		{A725ED6F-2F8D-4F85-A48B-28ED314D2B51}.Release|Any CPU.ActiveCfg = Release|Any CPU
		{A725ED6F-2F8D-4F85-A48B-28ED314D2B51}.Release|Any CPU.Build.0 = Release|Any CPU
	EndGlobalSection
	GlobalSection(SolutionProperties) = preSolution
		HideSolutionNode = FALSE
	EndGlobalSection
	GlobalSection(ExtensibilityGlobals) = postSolution
		SolutionGuid = {80D14D7B-77AA-49FA-A6DB-3B415944796E}
	EndGlobalSection
EndGlobal
